
Microsoft Visual Studio Solution File, Format Version 12.00
# Visual Studio 15
VisualStudioVersion = 15.0.27130.2027
MinimumVisualStudioVersion = 10.0.40219.1
Project("{FAE04EC0-301F-11D3-BF4B-00C04F79EFBC}") = "demologin", "demologin\demologin.csproj", "{95BC223F-DB4A-44B8-B015-E7A34DB077B1}"
EndProject
Global
	GlobalSection(SolutionConfigurationPlatforms) = preSolution
		Debug|Any CPU = Debug|Any CPU
		Release|Any CPU = Release|Any CPU
	EndGlobalSection
	GlobalSection(ProjectConfigurationPlatforms) = postSolution
		{95BC223F-DB4A-44B8-B015-E7A34DB077B1}.Debug|Any CPU.ActiveCfg = Debug|Any CPU
		{95BC223F-DB4A-44B8-B015-E7A34DB077B1}.Debug|Any CPU.Build.0 = Debug|Any CPU
		{95BC223F-DB4A-44B8-B015-E7A34DB077B1}.Release|Any CPU.ActiveCfg = Release|Any CPU
		{95BC223F-DB4A-44B8-B015-E7A34DB077B1}.Release|Any CPU.Build.0 = Release|Any CPU
	EndGlobalSection
	GlobalSection(SolutionProperties) = preSolution
		HideSolutionNode = FALSE
	EndGlobalSection
	GlobalSection(ExtensibilityGlobals) = postSolution
		SolutionGuid = {A5A39759-7434-49F8-8F37-AF4596F9134E}
	EndGlobalSection
EndGlobal
